{
  "nodes": {
    "fjordlauncher": {
      "inputs": {
        "libnbtplusplus": "libnbtplusplus",
        "nixpkgs": [
          "nixpkgs-unstable"
        ]
      },
      "locked": {
        "lastModified": 1755977907,
        "narHash": "sha256-OekJhGvxoSqOeHcbP8+N9cbLuG4EGVnePuYcE7oI8PM=",
        "owner": "hero-persson",
        "repo": "FjordLauncherUnlocked",
        "rev": "f41634f748b3922ce00e7e90bf206a990cca2fde",
        "type": "github"
      },
      "original": {
        "owner": "hero-persson",
        "repo": "FjordLauncherUnlocked",
        "type": "github"
      }
    },
    "flake-programs-sqlite": {
      "inputs": {
        "nixpkgs": [
          "nixpkgs-unstable"
        ],
        "utils": "utils"
      },
      "locked": {
        "lastModified": 1757700288,
        "narHash": "sha256-Bk8Khatn+BsEUO9w4/kxn7AeTjsIXO3ltupTi25+wjI=",
        "owner": "wamserma",
        "repo": "flake-programs-sqlite",
        "rev": "035bb3e22728fdac23206c355cd86bfd63687068",
        "type": "github"
      },
      "original": {
        "owner": "wamserma",
        "repo": "flake-programs-sqlite",
        "type": "github"
      }
    },
    "home-manager": {
      "inputs": {
        "nixpkgs": [
          "nixpkgs-unstable"
        ]
      },
      "locked": {
        "lastModified": 1757698511,
        "narHash": "sha256-UqHHGydF/q3jfYXCpvYLA0TWtvByOp1NwOKCUjhYmPs=",
        "owner": "nix-community",
        "repo": "home-manager",
        "rev": "a3fcc92180c7462082cd849498369591dfb20855",
        "type": "github"
      },
      "original": {
        "owner": "nix-community",
        "repo": "home-manager",
        "type": "github"
      }
    },
    "libnbtplusplus": {
      "flake": false,
      "locked": {
        "lastModified": 1699286814,
        "narHash": "sha256-yy0q+bky80LtK1GWzz7qpM+aAGrOqLuewbid8WT1ilk=",
        "owner": "PrismLauncher",
        "repo": "libnbtplusplus",
        "rev": "23b955121b8217c1c348a9ed2483167a6f3ff4ad",
        "type": "github"
      },
      "original": {
        "owner": "PrismLauncher",
        "repo": "libnbtplusplus",
        "type": "github"
      }
    },
    "nixpkgs-duckstation-unstable": {
      "locked": {
        "lastModified": 1753939845,
        "narHash": "sha256-K2ViRJfdVGE8tpJejs8Qpvvejks1+A4GQej/lBk5y7I=",
        "owner": "NixOS",
        "repo": "nixpkgs",
        "rev": "94def634a20494ee057c76998843c015909d6311",
        "type": "github"
      },
      "original": {
        "id": "nixpkgs",
        "rev": "94def634a20494ee057c76998843c015909d6311",
        "type": "indirect"
      }
    },
    "nixpkgs-unstable": {
      "locked": {
        "lastModified": 1757487488,
        "narHash": "sha256-zwE/e7CuPJUWKdvvTCB7iunV4E/+G0lKfv4kk/5Izdg=",
        "owner": "NixOS",
        "repo": "nixpkgs",
        "rev": "ab0f3607a6c7486ea22229b92ed2d355f1482ee0",
        "type": "github"
      },
      "original": {
        "id": "nixpkgs",
        "ref": "nixos-unstable",
        "type": "indirect"
      }
    },
    "nixpkgs-yabridge-unstable": {
      "locked": {
        "lastModified": 1729519156,
        "narHash": "sha256-/T/nMj4oOfiyhiBol4Bzh2EYdJunNo8zXzBoR8vVChY=",
        "owner": "NixOS",
        "repo": "nixpkgs",
        "rev": "03ddbd42cbdfbca5ce5583a8c1b526f36c0d46f3",
        "type": "github"
      },
      "original": {
        "id": "nixpkgs",
        "rev": "03ddbd42cbdfbca5ce5583a8c1b526f36c0d46f3",
        "type": "indirect"
      }
    },
    "nixpkgs-yuzu-unstable": {
      "locked": {
        "lastModified": 1710429098,
        "narHash": "sha256-irN9RgAuoouk7PhQapw6/p2hhwUNHwIPHE6b6ZaE5nE=",
        "owner": "NixOS",
        "repo": "nixpkgs",
        "rev": "f20a0c955555fb68cfc72886d7476de2aacd1b4e",
        "type": "github"
      },
      "original": {
        "id": "nixpkgs",
        "rev": "f20a0c955555fb68cfc72886d7476de2aacd1b4e",
        "type": "indirect"
      }
    },
    "root": {
      "inputs": {
        "fjordlauncher": "fjordlauncher",
        "flake-programs-sqlite": "flake-programs-sqlite",
        "home-manager": "home-manager",
        "nixpkgs-duckstation-unstable": "nixpkgs-duckstation-unstable",
        "nixpkgs-unstable": "nixpkgs-unstable",
        "nixpkgs-yabridge-unstable": "nixpkgs-yabridge-unstable",
        "nixpkgs-yuzu-unstable": "nixpkgs-yuzu-unstable"
      }
    },
    "utils": {
      "locked": {
        "lastModified": 1678901627,
        "narHash": "sha256-U02riOqrKKzwjsxc/400XnElV+UtPUQWpANPlyazjH0=",
        "owner": "numtide",
        "repo": "flake-utils",
        "rev": "93a2b84fc4b70d9e089d029deacc3583435c2ed6",
        "type": "github"
      },
      "original": {
        "owner": "numtide",
        "repo": "flake-utils",
        "type": "github"
      }
    }
  },
  "root": "root",
  "version": 7
}
