{
  "nodes": {
    "fjordlauncher": {
      "inputs": {
        "libnbtplusplus": "libnbtplusplus",
        "nixpkgs": [
          "nixpkgs-unstable"
        ]
      },
      "locked": {
        "lastModified": 1745587940,
        "narHash": "sha256-dVrMQ+wJxlXrHY9Nm6TmZuhc6+lirx8nF4j4M5VbPJQ=",
        "owner": "hero-persson",
        "repo": "FjordLauncherUnlocked",
        "rev": "c5219bcea9764f649967b59b29c1ef1b64d32617",
        "type": "github"
      },
      "original": {
        "owner": "hero-persson",
        "repo": "FjordLauncherUnlocked",
        "type": "github"
      }
    },
    "flake-programs-sqlite": {
      "inputs": {
        "nixpkgs": [
          "nixpkgs-unstable"
        ],
        "utils": "utils"
      },
      "locked": {
        "lastModified": 1746214374,
        "narHash": "sha256-bQOqV1leiPushThwngBZOgZ0Qq+dVwQVmlYjgcZcXy0=",
        "owner": "wamserma",
        "repo": "flake-programs-sqlite",
        "rev": "5b52f9e6a4b7cde99efabcd09804fec9d6c23695",
        "type": "github"
      },
      "original": {
        "owner": "wamserma",
        "repo": "flake-programs-sqlite",
        "type": "github"
      }
    },
    "home-manager": {
      "inputs": {
        "nixpkgs": [
          "nixpkgs-unstable"
        ]
      },
      "locked": {
        "lastModified": 1746204974,
        "narHash": "sha256-Evu4H0/kzaQoCNLGQTp+JGTqkywzPx0IAo20Ci2zNck=",
        "owner": "nix-community",
        "repo": "home-manager",
        "rev": "1e8c62c651242fc685b10efc4a48ab777635fb7f",
        "type": "github"
      },
      "original": {
        "owner": "nix-community",
        "repo": "home-manager",
        "type": "github"
      }
    },
    "libnbtplusplus": {
      "flake": false,
      "locked": {
        "lastModified": 1699286814,
        "narHash": "sha256-yy0q+bky80LtK1GWzz7qpM+aAGrOqLuewbid8WT1ilk=",
        "owner": "PrismLauncher",
        "repo": "libnbtplusplus",
        "rev": "23b955121b8217c1c348a9ed2483167a6f3ff4ad",
        "type": "github"
      },
      "original": {
        "owner": "PrismLauncher",
        "repo": "libnbtplusplus",
        "type": "github"
      }
    },
    "nixpkgs-unstable": {
      "locked": {
        "lastModified": 1746141548,
        "narHash": "sha256-IgBWhX7A2oJmZFIrpRuMnw5RAufVnfvOgHWgIdds+hc=",
        "owner": "NixOS",
        "repo": "nixpkgs",
        "rev": "f02fddb8acef29a8b32f10a335d44828d7825b78",
        "type": "github"
      },
      "original": {
        "id": "nixpkgs",
        "ref": "nixos-unstable",
        "type": "indirect"
      }
    },
    "nixpkgs-yabridge-unstable": {
      "locked": {
        "lastModified": 1729519156,
        "narHash": "sha256-/T/nMj4oOfiyhiBol4Bzh2EYdJunNo8zXzBoR8vVChY=",
        "owner": "NixOS",
        "repo": "nixpkgs",
        "rev": "03ddbd42cbdfbca5ce5583a8c1b526f36c0d46f3",
        "type": "github"
      },
      "original": {
        "id": "nixpkgs",
        "rev": "03ddbd42cbdfbca5ce5583a8c1b526f36c0d46f3",
        "type": "indirect"
      }
    },
    "nixpkgs-yuzu-unstable": {
      "locked": {
        "lastModified": 1710429098,
        "narHash": "sha256-irN9RgAuoouk7PhQapw6/p2hhwUNHwIPHE6b6ZaE5nE=",
        "owner": "NixOS",
        "repo": "nixpkgs",
        "rev": "f20a0c955555fb68cfc72886d7476de2aacd1b4e",
        "type": "github"
      },
      "original": {
        "id": "nixpkgs",
        "rev": "f20a0c955555fb68cfc72886d7476de2aacd1b4e",
        "type": "indirect"
      }
    },
    "root": {
      "inputs": {
        "fjordlauncher": "fjordlauncher",
        "flake-programs-sqlite": "flake-programs-sqlite",
        "home-manager": "home-manager",
        "nixpkgs-unstable": "nixpkgs-unstable",
        "nixpkgs-yabridge-unstable": "nixpkgs-yabridge-unstable",
        "nixpkgs-yuzu-unstable": "nixpkgs-yuzu-unstable"
      }
    },
    "utils": {
      "locked": {
        "lastModified": 1678901627,
        "narHash": "sha256-U02riOqrKKzwjsxc/400XnElV+UtPUQWpANPlyazjH0=",
        "owner": "numtide",
        "repo": "flake-utils",
        "rev": "93a2b84fc4b70d9e089d029deacc3583435c2ed6",
        "type": "github"
      },
      "original": {
        "owner": "numtide",
        "repo": "flake-utils",
        "type": "github"
      }
    }
  },
  "root": "root",
  "version": 7
}
